
Microsoft Visual Studio Solution File, Format Version 12.00
# Visual Studio Version 16
VisualStudioVersion = 16.0.28917.181
MinimumVisualStudioVersion = 10.0.40219.1
Project("{9A19103F-16F7-4668-BE54-9A1E7A4F7556}") = "Maruko.Permission.Core", "src\Maruko.Permission.Core\Maruko.Permission.Core.csproj", "{24EB7C83-CCEB-4ED0-83B5-3187C89F317D}"
EndProject
Project("{FAE04EC0-301F-11D3-BF4B-00C04F79EFBC}") = "Maruko.Permission.Host", "src\Maruko.Permission.Host\Maruko.Permission.Host.csproj", "{89FEB151-89A9-4C25-BC78-C3BBA59D1EDD}"
EndProject
Global
	GlobalSection(SolutionConfigurationPlatforms) = preSolution
		Debug|Any CPU = Debug|Any CPU
		Release|Any CPU = Release|Any CPU
	EndGlobalSection
	GlobalSection(ProjectConfigurationPlatforms) = postSolution
		{24EB7C83-CCEB-4ED0-83B5-3187C89F317D}.Debug|Any CPU.ActiveCfg = Debug|Any CPU
		{24EB7C83-CCEB-4ED0-83B5-3187C89F317D}.Debug|Any CPU.Build.0 = Debug|Any CPU
		{24EB7C83-CCEB-4ED0-83B5-3187C89F317D}.Release|Any CPU.ActiveCfg = Release|Any CPU
		{24EB7C83-CCEB-4ED0-83B5-3187C89F317D}.Release|Any CPU.Build.0 = Release|Any CPU
		{89FEB151-89A9-4C25-BC78-C3BBA59D1EDD}.Debug|Any CPU.ActiveCfg = Debug|Any CPU
		{89FEB151-89A9-4C25-BC78-C3BBA59D1EDD}.Debug|Any CPU.Build.0 = Debug|Any CPU
		{89FEB151-89A9-4C25-BC78-C3BBA59D1EDD}.Release|Any CPU.ActiveCfg = Release|Any CPU
		{89FEB151-89A9-4C25-BC78-C3BBA59D1EDD}.Release|Any CPU.Build.0 = Release|Any CPU
	EndGlobalSection
	GlobalSection(SolutionProperties) = preSolution
		HideSolutionNode = FALSE
	EndGlobalSection
	GlobalSection(ExtensibilityGlobals) = postSolution
		SolutionGuid = {6B0F538B-D356-4945-AD4E-F97054EC74AB}
	EndGlobalSection
EndGlobal
